
Microsoft Visual Studio Solution File, Format Version 12.00
# Visual Studio Version 17
VisualStudioVersion = 17.0.31903.59
MinimumVisualStudioVersion = 10.0.40219.1
Project("{FAE04EC0-301F-11D3-BF4B-00C04F79EFBC}") = "PES.Core", "PES.Core\PES.Core.csproj", "{7901EB78-F390-4AF4-8B57-3D0F7EE27D0B}"
EndProject
Project("{FAE04EC0-301F-11D3-BF4B-00C04F79EFBC}") = "PES.Domain", "PES.Domain\PES.Domain.csproj", "{E02B43BC-F0FC-435A-A0B9-6F3B426EE5E3}"
EndProject
Project("{FAE04EC0-301F-11D3-BF4B-00C04F79EFBC}") = "PES.Application", "PES.Application\PES.Application.csproj", "{90D7D2DA-715C-429C-9CA6-9826C5234808}"
EndProject
Project("{FAE04EC0-301F-11D3-BF4B-00C04F79EFBC}") = "PES.Infrastructure", "PES.Infrastructure\PES.Infrastructure.csproj", "{BC1A3BDA-4C0D-4ADB-93DC-85D3651FE23E}"
EndProject
Project("{FAE04EC0-301F-11D3-BF4B-00C04F79EFBC}") = "PES.Messaging", "PES.Messaging\PES.Messaging.csproj", "{40A088FA-E009-4F2D-8E73-3B9074014B59}"
EndProject
Project("{FAE04EC0-301F-11D3-BF4B-00C04F79EFBC}") = "PES.Security", "PES.Security\PES.Security.csproj", "{6ADB4607-B5FD-4914-AED8-9055538C9E36}"
EndProject
Project("{FAE04EC0-301F-11D3-BF4B-00C04F79EFBC}") = "PES.Observability", "PES.Observability\PES.Observability.csproj", "{ED3BC45D-0439-4A0A-86EC-C4EC10BA4E93}"
EndProject
Project("{FAE04EC0-301F-11D3-BF4B-00C04F79EFBC}") = "PES.Tests", "PES.Tests\PES.Tests.csproj", "{F282820B-3CAD-4F7C-BC4D-A421E2BBEDEA}"
EndProject
Global
	GlobalSection(SolutionConfigurationPlatforms) = preSolution
		Debug|Any CPU = Debug|Any CPU
		Debug|x64 = Debug|x64
		Debug|x86 = Debug|x86
		Release|Any CPU = Release|Any CPU
		Release|x64 = Release|x64
		Release|x86 = Release|x86
	EndGlobalSection
	GlobalSection(ProjectConfigurationPlatforms) = postSolution
		{7901EB78-F390-4AF4-8B57-3D0F7EE27D0B}.Debug|Any CPU.ActiveCfg = Debug|Any CPU
		{7901EB78-F390-4AF4-8B57-3D0F7EE27D0B}.Debug|Any CPU.Build.0 = Debug|Any CPU
		{7901EB78-F390-4AF4-8B57-3D0F7EE27D0B}.Debug|x64.ActiveCfg = Debug|Any CPU
		{7901EB78-F390-4AF4-8B57-3D0F7EE27D0B}.Debug|x64.Build.0 = Debug|Any CPU
		{7901EB78-F390-4AF4-8B57-3D0F7EE27D0B}.Debug|x86.ActiveCfg = Debug|Any CPU
		{7901EB78-F390-4AF4-8B57-3D0F7EE27D0B}.Debug|x86.Build.0 = Debug|Any CPU
		{7901EB78-F390-4AF4-8B57-3D0F7EE27D0B}.Release|Any CPU.ActiveCfg = Release|Any CPU
		{7901EB78-F390-4AF4-8B57-3D0F7EE27D0B}.Release|Any CPU.Build.0 = Release|Any CPU
		{7901EB78-F390-4AF4-8B57-3D0F7EE27D0B}.Release|x64.ActiveCfg = Release|Any CPU
		{7901EB78-F390-4AF4-8B57-3D0F7EE27D0B}.Release|x64.Build.0 = Release|Any CPU
		{7901EB78-F390-4AF4-8B57-3D0F7EE27D0B}.Release|x86.ActiveCfg = Release|Any CPU
		{7901EB78-F390-4AF4-8B57-3D0F7EE27D0B}.Release|x86.Build.0 = Release|Any CPU
		{E02B43BC-F0FC-435A-A0B9-6F3B426EE5E3}.Debug|Any CPU.ActiveCfg = Debug|Any CPU
		{E02B43BC-F0FC-435A-A0B9-6F3B426EE5E3}.Debug|Any CPU.Build.0 = Debug|Any CPU
		{E02B43BC-F0FC-435A-A0B9-6F3B426EE5E3}.Debug|x64.ActiveCfg = Debug|Any CPU
		{E02B43BC-F0FC-435A-A0B9-6F3B426EE5E3}.Debug|x64.Build.0 = Debug|Any CPU
		{E02B43BC-F0FC-435A-A0B9-6F3B426EE5E3}.Debug|x86.ActiveCfg = Debug|Any CPU
		{E02B43BC-F0FC-435A-A0B9-6F3B426EE5E3}.Debug|x86.Build.0 = Debug|Any CPU
		{E02B43BC-F0FC-435A-A0B9-6F3B426EE5E3}.Release|Any CPU.ActiveCfg = Release|Any CPU
		{E02B43BC-F0FC-435A-A0B9-6F3B426EE5E3}.Release|Any CPU.Build.0 = Release|Any CPU
		{E02B43BC-F0FC-435A-A0B9-6F3B426EE5E3}.Release|x64.ActiveCfg = Release|Any CPU
		{E02B43BC-F0FC-435A-A0B9-6F3B426EE5E3}.Release|x64.Build.0 = Release|Any CPU
		{E02B43BC-F0FC-435A-A0B9-6F3B426EE5E3}.Release|x86.ActiveCfg = Release|Any CPU
		{E02B43BC-F0FC-435A-A0B9-6F3B426EE5E3}.Release|x86.Build.0 = Release|Any CPU
		{90D7D2DA-715C-429C-9CA6-9826C5234808}.Debug|Any CPU.ActiveCfg = Debug|Any CPU
		{90D7D2DA-715C-429C-9CA6-9826C5234808}.Debug|Any CPU.Build.0 = Debug|Any CPU
		{90D7D2DA-715C-429C-9CA6-9826C5234808}.Debug|x64.ActiveCfg = Debug|Any CPU
		{90D7D2DA-715C-429C-9CA6-9826C5234808}.Debug|x64.Build.0 = Debug|Any CPU
		{90D7D2DA-715C-429C-9CA6-9826C5234808}.Debug|x86.ActiveCfg = Debug|Any CPU
		{90D7D2DA-715C-429C-9CA6-9826C5234808}.Debug|x86.Build.0 = Debug|Any CPU
		{90D7D2DA-715C-429C-9CA6-9826C5234808}.Release|Any CPU.ActiveCfg = Release|Any CPU
		{90D7D2DA-715C-429C-9CA6-9826C5234808}.Release|Any CPU.Build.0 = Release|Any CPU
		{90D7D2DA-715C-429C-9CA6-9826C5234808}.Release|x64.ActiveCfg = Release|Any CPU
		{90D7D2DA-715C-429C-9CA6-9826C5234808}.Release|x64.Build.0 = Release|Any CPU
		{90D7D2DA-715C-429C-9CA6-9826C5234808}.Release|x86.ActiveCfg = Release|Any CPU
		{90D7D2DA-715C-429C-9CA6-9826C5234808}.Release|x86.Build.0 = Release|Any CPU
		{BC1A3BDA-4C0D-4ADB-93DC-85D3651FE23E}.Debug|Any CPU.ActiveCfg = Debug|Any CPU
		{BC1A3BDA-4C0D-4ADB-93DC-85D3651FE23E}.Debug|Any CPU.Build.0 = Debug|Any CPU
		{BC1A3BDA-4C0D-4ADB-93DC-85D3651FE23E}.Debug|x64.ActiveCfg = Debug|Any CPU
		{BC1A3BDA-4C0D-4ADB-93DC-85D3651FE23E}.Debug|x64.Build.0 = Debug|Any CPU
		{BC1A3BDA-4C0D-4ADB-93DC-85D3651FE23E}.Debug|x86.ActiveCfg = Debug|Any CPU
		{BC1A3BDA-4C0D-4ADB-93DC-85D3651FE23E}.Debug|x86.Build.0 = Debug|Any CPU
		{BC1A3BDA-4C0D-4ADB-93DC-85D3651FE23E}.Release|Any CPU.ActiveCfg = Release|Any CPU
		{BC1A3BDA-4C0D-4ADB-93DC-85D3651FE23E}.Release|Any CPU.Build.0 = Release|Any CPU
		{BC1A3BDA-4C0D-4ADB-93DC-85D3651FE23E}.Release|x64.ActiveCfg = Release|Any CPU
		{BC1A3BDA-4C0D-4ADB-93DC-85D3651FE23E}.Release|x64.Build.0 = Release|Any CPU
		{BC1A3BDA-4C0D-4ADB-93DC-85D3651FE23E}.Release|x86.ActiveCfg = Release|Any CPU
		{BC1A3BDA-4C0D-4ADB-93DC-85D3651FE23E}.Release|x86.Build.0 = Release|Any CPU
		{40A088FA-E009-4F2D-8E73-3B9074014B59}.Debug|Any CPU.ActiveCfg = Debug|Any CPU
		{40A088FA-E009-4F2D-8E73-3B9074014B59}.Debug|Any CPU.Build.0 = Debug|Any CPU
		{40A088FA-E009-4F2D-8E73-3B9074014B59}.Debug|x64.ActiveCfg = Debug|Any CPU
		{40A088FA-E009-4F2D-8E73-3B9074014B59}.Debug|x64.Build.0 = Debug|Any CPU
		{40A088FA-E009-4F2D-8E73-3B9074014B59}.Debug|x86.ActiveCfg = Debug|Any CPU
		{40A088FA-E009-4F2D-8E73-3B9074014B59}.Debug|x86.Build.0 = Debug|Any CPU
		{40A088FA-E009-4F2D-8E73-3B9074014B59}.Release|Any CPU.ActiveCfg = Release|Any CPU
		{40A088FA-E009-4F2D-8E73-3B9074014B59}.Release|Any CPU.Build.0 = Release|Any CPU
		{40A088FA-E009-4F2D-8E73-3B9074014B59}.Release|x64.ActiveCfg = Release|Any CPU
		{40A088FA-E009-4F2D-8E73-3B9074014B59}.Release|x64.Build.0 = Release|Any CPU
		{40A088FA-E009-4F2D-8E73-3B9074014B59}.Release|x86.ActiveCfg = Release|Any CPU
		{40A088FA-E009-4F2D-8E73-3B9074014B59}.Release|x86.Build.0 = Release|Any CPU
		{6ADB4607-B5FD-4914-AED8-9055538C9E36}.Debug|Any CPU.ActiveCfg = Debug|Any CPU
		{6ADB4607-B5FD-4914-AED8-9055538C9E36}.Debug|Any CPU.Build.0 = Debug|Any CPU
		{6ADB4607-B5FD-4914-AED8-9055538C9E36}.Debug|x64.ActiveCfg = Debug|Any CPU
		{6ADB4607-B5FD-4914-AED8-9055538C9E36}.Debug|x64.Build.0 = Debug|Any CPU
		{6ADB4607-B5FD-4914-AED8-9055538C9E36}.Debug|x86.ActiveCfg = Debug|Any CPU
		{6ADB4607-B5FD-4914-AED8-9055538C9E36}.Debug|x86.Build.0 = Debug|Any CPU
		{6ADB4607-B5FD-4914-AED8-9055538C9E36}.Release|Any CPU.ActiveCfg = Release|Any CPU
		{6ADB4607-B5FD-4914-AED8-9055538C9E36}.Release|Any CPU.Build.0 = Release|Any CPU
		{6ADB4607-B5FD-4914-AED8-9055538C9E36}.Release|x64.ActiveCfg = Release|Any CPU
		{6ADB4607-B5FD-4914-AED8-9055538C9E36}.Release|x64.Build.0 = Release|Any CPU
		{6ADB4607-B5FD-4914-AED8-9055538C9E36}.Release|x86.ActiveCfg = Release|Any CPU
		{6ADB4607-B5FD-4914-AED8-9055538C9E36}.Release|x86.Build.0 = Release|Any CPU
		{ED3BC45D-0439-4A0A-86EC-C4EC10BA4E93}.Debug|Any CPU.ActiveCfg = Debug|Any CPU
		{ED3BC45D-0439-4A0A-86EC-C4EC10BA4E93}.Debug|Any CPU.Build.0 = Debug|Any CPU
		{ED3BC45D-0439-4A0A-86EC-C4EC10BA4E93}.Debug|x64.ActiveCfg = Debug|Any CPU
		{ED3BC45D-0439-4A0A-86EC-C4EC10BA4E93}.Debug|x64.Build.0 = Debug|Any CPU
		{ED3BC45D-0439-4A0A-86EC-C4EC10BA4E93}.Debug|x86.ActiveCfg = Debug|Any CPU
		{ED3BC45D-0439-4A0A-86EC-C4EC10BA4E93}.Debug|x86.Build.0 = Debug|Any CPU
		{ED3BC45D-0439-4A0A-86EC-C4EC10BA4E93}.Release|Any CPU.ActiveCfg = Release|Any CPU
		{ED3BC45D-0439-4A0A-86EC-C4EC10BA4E93}.Release|Any CPU.Build.0 = Release|Any CPU
		{ED3BC45D-0439-4A0A-86EC-C4EC10BA4E93}.Release|x64.ActiveCfg = Release|Any CPU
		{ED3BC45D-0439-4A0A-86EC-C4EC10BA4E93}.Release|x64.Build.0 = Release|Any CPU
		{ED3BC45D-0439-4A0A-86EC-C4EC10BA4E93}.Release|x86.ActiveCfg = Release|Any CPU
		{ED3BC45D-0439-4A0A-86EC-C4EC10BA4E93}.Release|x86.Build.0 = Release|Any CPU
		{F282820B-3CAD-4F7C-BC4D-A421E2BBEDEA}.Debug|Any CPU.ActiveCfg = Debug|Any CPU
		{F282820B-3CAD-4F7C-BC4D-A421E2BBEDEA}.Debug|Any CPU.Build.0 = Debug|Any CPU
		{F282820B-3CAD-4F7C-BC4D-A421E2BBEDEA}.Debug|x64.ActiveCfg = Debug|Any CPU
		{F282820B-3CAD-4F7C-BC4D-A421E2BBEDEA}.Debug|x64.Build.0 = Debug|Any CPU
		{F282820B-3CAD-4F7C-BC4D-A421E2BBEDEA}.Debug|x86.ActiveCfg = Debug|Any CPU
		{F282820B-3CAD-4F7C-BC4D-A421E2BBEDEA}.Debug|x86.Build.0 = Debug|Any CPU
		{F282820B-3CAD-4F7C-BC4D-A421E2BBEDEA}.Release|Any CPU.ActiveCfg = Release|Any CPU
		{F282820B-3CAD-4F7C-BC4D-A421E2BBEDEA}.Release|Any CPU.Build.0 = Release|Any CPU
		{F282820B-3CAD-4F7C-BC4D-A421E2BBEDEA}.Release|x64.ActiveCfg = Release|Any CPU
		{F282820B-3CAD-4F7C-BC4D-A421E2BBEDEA}.Release|x64.Build.0 = Release|Any CPU
		{F282820B-3CAD-4F7C-BC4D-A421E2BBEDEA}.Release|x86.ActiveCfg = Release|Any CPU
		{F282820B-3CAD-4F7C-BC4D-A421E2BBEDEA}.Release|x86.Build.0 = Release|Any CPU
	EndGlobalSection
	GlobalSection(SolutionProperties) = preSolution
		HideSolutionNode = FALSE
	EndGlobalSection
EndGlobal
